
Microsoft Visual Studio Solution File, Format Version 12.00
# Visual Studio Version 17
VisualStudioVersion = 17.1.32210.238
MinimumVisualStudioVersion = 10.0.40219.1
Project("{FAE04EC0-301F-11D3-BF4B-00C04F79EFBC}") = "WholesaleAlertsSLOs", "WholesaleAlertsSLOs.csproj", "{A051DAAE-4DBF-48DE-8C96-8D27C6A18D97}"
EndProject
Global
	GlobalSection(SolutionConfigurationPlatforms) = preSolution
		Debug|Any CPU = Debug|Any CPU
		Release|Any CPU = Release|Any CPU
	EndGlobalSection
	GlobalSection(ProjectConfigurationPlatforms) = postSolution
		{A051DAAE-4DBF-48DE-8C96-8D27C6A18D97}.Debug|Any CPU.ActiveCfg = Debug|Any CPU
		{A051DAAE-4DBF-48DE-8C96-8D27C6A18D97}.Debug|Any CPU.Build.0 = Debug|Any CPU
		{A051DAAE-4DBF-48DE-8C96-8D27C6A18D97}.Release|Any CPU.ActiveCfg = Release|Any CPU
		{A051DAAE-4DBF-48DE-8C96-8D27C6A18D97}.Release|Any CPU.Build.0 = Release|Any CPU
	EndGlobalSection
	GlobalSection(SolutionProperties) = preSolution
		HideSolutionNode = FALSE
	EndGlobalSection
	GlobalSection(ExtensibilityGlobals) = postSolution
		SolutionGuid = {21A96454-3F7E-47B9-92B0-997823FE1203}
	EndGlobalSection
EndGlobal
